
Microsoft Visual Studio Solution File, Format Version 12.00
# Visual Studio Version 17
VisualStudioVersion = 17.6.33723.286
MinimumVisualStudioVersion = 10.0.40219.1
Project("{00D1A9C2-B5F0-4AF3-8072-F6C62B433612}") = "FDH_Test_SQLDB", "FDH_Test_SQLDB.sqlproj", "{6F771EF0-266C-4E28-BB87-FF01A7818B72}"
EndProject
Global
	GlobalSection(SolutionConfigurationPlatforms) = preSolution
		Debug|Any CPU = Debug|Any CPU
		Release|Any CPU = Release|Any CPU
	EndGlobalSection
	GlobalSection(ProjectConfigurationPlatforms) = postSolution
		{6F771EF0-266C-4E28-BB87-FF01A7818B72}.Debug|Any CPU.ActiveCfg = Debug|Any CPU
		{6F771EF0-266C-4E28-BB87-FF01A7818B72}.Debug|Any CPU.Build.0 = Debug|Any CPU
		{6F771EF0-266C-4E28-BB87-FF01A7818B72}.Debug|Any CPU.Deploy.0 = Debug|Any CPU
		{6F771EF0-266C-4E28-BB87-FF01A7818B72}.Release|Any CPU.ActiveCfg = Release|Any CPU
		{6F771EF0-266C-4E28-BB87-FF01A7818B72}.Release|Any CPU.Build.0 = Release|Any CPU
		{6F771EF0-266C-4E28-BB87-FF01A7818B72}.Release|Any CPU.Deploy.0 = Release|Any CPU
	EndGlobalSection
	GlobalSection(SolutionProperties) = preSolution
		HideSolutionNode = FALSE
	EndGlobalSection
	GlobalSection(ExtensibilityGlobals) = postSolution
		SolutionGuid = {AE490FCE-7A02-4CB7-BD01-EB643DF27C85}
	EndGlobalSection
EndGlobal
